schema: '2.0'
stages:
  data_ingestion:
    cmd: python src/data/data_ingestion.py
    deps:
    - path: src/data/data_ingestion.py
      hash: md5
      md5: caaf549d488798bd2084e75336efb97f
      size: 4219
    params:
      params.yaml:
        data_ingestion.test_size: 0.3
    outs:
    - path: data/raw
      hash: md5
      md5: 1c350d494c382a4275e629c93341cfcf.dir
      size: 6882906
      nfiles: 2
  data_preprocessing:
    cmd: python src/data/data_preprocessing.py
    deps:
    - path: data/raw/test.csv
      hash: md5
      md5: 2129801051774e518200d4fb4764a64f
      size: 2026227
    - path: data/raw/train.csv
      hash: md5
      md5: 0e46048f3ae84c47fdf57f396dbfba66
      size: 4856679
    - path: src/data/data_preprocessing.py
      hash: md5
      md5: 0caf3d4322a07e68476124fa3cd75e24
      size: 3747
    outs:
    - path: data/interim
      hash: md5
      md5: 81a93186ae9b9d59007b886dfb40a258.dir
      size: 5098055
      nfiles: 2
  model_building:
    cmd: python src/model/model_building.py
    deps:
    - path: data/interim/train_processed.csv
      hash: md5
      md5: 0df0bf25d2563d81c2fe136c55687a52
      size: 3596107
    - path: src/model/model_building.py
      hash: md5
      md5: fd2e5a501601116a3bf8d2b8a59853ff
      size: 5473
    params:
      params.yaml:
        model_building.learning_rate: 0.09
        model_building.max_depth: 20
        model_building.max_features: 10000
        model_building.n_estimators: 367
        model_building.ngram_range:
        - 1
        - 3
    outs:
    - path: lgbm_model.pkl
      hash: md5
      md5: 2583f186c68a281ee5167ea6e1390ace
      size: 4112087
    - path: tfidf_vectorizer.pkl
      hash: md5
      md5: 7075ac455c65a561d9e0724180a8963d
      size: 383833
  model_evaluation:
    cmd: python src/model/model_evaluation.py
    deps:
    - path: data/interim/test_processed.csv
      hash: md5
      md5: 1f67ea5d63d05253676fbb5ff9a84f98
      size: 1501948
    - path: data/interim/train_processed.csv
      hash: md5
      md5: 0df0bf25d2563d81c2fe136c55687a52
      size: 3596107
    - path: lgbm_model.pkl
      hash: md5
      md5: 2583f186c68a281ee5167ea6e1390ace
      size: 4112087
    - path: src/model/model_evaluation.py
      hash: md5
      md5: 7c2c6b5a0a50e659059253ffa1a30f96
      size: 7082
    - path: tfidf_vectorizer.pkl
      hash: md5
      md5: 7075ac455c65a561d9e0724180a8963d
      size: 383833
    outs:
    - path: experiment_info.json
      hash: md5
      md5: c707d18c3e383db247cfa52ad1ddf3ab
      size: 84
